
Microsoft Visual Studio Solution File, Format Version 12.00
# Visual Studio Version 17
VisualStudioVersion = 17.8.34330.188
MinimumVisualStudioVersion = 10.0.40219.1
Project("{FAE04EC0-301F-11D3-BF4B-00C04F79EFBC}") = "Lab-ConsoleBasedApp-AdvancedLINQOperationsinC#", "Lab-ConsoleBasedApp-AdvancedLINQOperationsinC#.csproj", "{AF11E9E1-A9D5-4224-B945-86B7A2FC246B}"
EndProject
Global
	GlobalSection(SolutionConfigurationPlatforms) = preSolution
		Debug|Any CPU = Debug|Any CPU
		Release|Any CPU = Release|Any CPU
	EndGlobalSection
	GlobalSection(ProjectConfigurationPlatforms) = postSolution
		{AF11E9E1-A9D5-4224-B945-86B7A2FC246B}.Debug|Any CPU.ActiveCfg = Debug|Any CPU
		{AF11E9E1-A9D5-4224-B945-86B7A2FC246B}.Debug|Any CPU.Build.0 = Debug|Any CPU
		{AF11E9E1-A9D5-4224-B945-86B7A2FC246B}.Release|Any CPU.ActiveCfg = Release|Any CPU
		{AF11E9E1-A9D5-4224-B945-86B7A2FC246B}.Release|Any CPU.Build.0 = Release|Any CPU
	EndGlobalSection
	GlobalSection(SolutionProperties) = preSolution
		HideSolutionNode = FALSE
	EndGlobalSection
	GlobalSection(ExtensibilityGlobals) = postSolution
		SolutionGuid = {B4311E22-14E7-4AA9-8CF6-E0E17FBA838A}
	EndGlobalSection
EndGlobal
